
Microsoft Visual Studio Solution File, Format Version 12.00
# Visual Studio Version 17
VisualStudioVersion = 17.6.33829.357
MinimumVisualStudioVersion = 10.0.40219.1
Project("{9A19103F-16F7-4668-BE54-9A1E7A4F7556}") = "IMS_API", "IMS_API\IMS_API.csproj", "{E37085E3-3A50-4FEF-8FC1-470C9DF9E2AC}"
EndProject
Global
	GlobalSection(SolutionConfigurationPlatforms) = preSolution
		Debug|Any CPU = Debug|Any CPU
		Release|Any CPU = Release|Any CPU
	EndGlobalSection
	GlobalSection(ProjectConfigurationPlatforms) = postSolution
		{E37085E3-3A50-4FEF-8FC1-470C9DF9E2AC}.Debug|Any CPU.ActiveCfg = Debug|Any CPU
		{E37085E3-3A50-4FEF-8FC1-470C9DF9E2AC}.Debug|Any CPU.Build.0 = Debug|Any CPU
		{E37085E3-3A50-4FEF-8FC1-470C9DF9E2AC}.Release|Any CPU.ActiveCfg = Release|Any CPU
		{E37085E3-3A50-4FEF-8FC1-470C9DF9E2AC}.Release|Any CPU.Build.0 = Release|Any CPU
	EndGlobalSection
	GlobalSection(SolutionProperties) = preSolution
		HideSolutionNode = FALSE
	EndGlobalSection
	GlobalSection(ExtensibilityGlobals) = postSolution
		SolutionGuid = {894E872D-028B-4140-B790-D820BB6716E9}
	EndGlobalSection
EndGlobal
